
Microsoft Visual Studio Solution File, Format Version 12.00
# Visual Studio Version 16
VisualStudioVersion = 16.0.28803.916
MinimumVisualStudioVersion = 10.0.40219.1
Project("{FAE04EC0-301F-11D3-BF4B-00C04F79EFBC}") = "DataAnotation", "DataAnotation\DataAnotation.csproj", "{5E3BA8EA-23F8-4254-8C08-C48A9D6BBF3B}"
EndProject
Global
	GlobalSection(SolutionConfigurationPlatforms) = preSolution
		Debug|Any CPU = Debug|Any CPU
		Release|Any CPU = Release|Any CPU
	EndGlobalSection
	GlobalSection(ProjectConfigurationPlatforms) = postSolution
		{5E3BA8EA-23F8-4254-8C08-C48A9D6BBF3B}.Debug|Any CPU.ActiveCfg = Debug|Any CPU
		{5E3BA8EA-23F8-4254-8C08-C48A9D6BBF3B}.Debug|Any CPU.Build.0 = Debug|Any CPU
		{5E3BA8EA-23F8-4254-8C08-C48A9D6BBF3B}.Release|Any CPU.ActiveCfg = Release|Any CPU
		{5E3BA8EA-23F8-4254-8C08-C48A9D6BBF3B}.Release|Any CPU.Build.0 = Release|Any CPU
	EndGlobalSection
	GlobalSection(SolutionProperties) = preSolution
		HideSolutionNode = FALSE
	EndGlobalSection
	GlobalSection(ExtensibilityGlobals) = postSolution
		SolutionGuid = {3A51C921-FE90-4C1B-8C92-C092C857A41F}
	EndGlobalSection
EndGlobal
