
Microsoft Visual Studio Solution File, Format Version 12.00
# Visual Studio Version 16
VisualStudioVersion = 16.0.28803.916
MinimumVisualStudioVersion = 10.0.40219.1
Project("{FAE04EC0-301F-11D3-BF4B-00C04F79EFBC}") = "DataBaseFirstApproachEF2", "DataBaseFirstApproachEF2\DataBaseFirstApproachEF2.csproj", "{518D8A6E-BC1B-4A60-9818-9ABF01061064}"
EndProject
Global
	GlobalSection(SolutionConfigurationPlatforms) = preSolution
		Debug|Any CPU = Debug|Any CPU
		Release|Any CPU = Release|Any CPU
	EndGlobalSection
	GlobalSection(ProjectConfigurationPlatforms) = postSolution
		{518D8A6E-BC1B-4A60-9818-9ABF01061064}.Debug|Any CPU.ActiveCfg = Debug|Any CPU
		{518D8A6E-BC1B-4A60-9818-9ABF01061064}.Debug|Any CPU.Build.0 = Debug|Any CPU
		{518D8A6E-BC1B-4A60-9818-9ABF01061064}.Release|Any CPU.ActiveCfg = Release|Any CPU
		{518D8A6E-BC1B-4A60-9818-9ABF01061064}.Release|Any CPU.Build.0 = Release|Any CPU
	EndGlobalSection
	GlobalSection(SolutionProperties) = preSolution
		HideSolutionNode = FALSE
	EndGlobalSection
	GlobalSection(ExtensibilityGlobals) = postSolution
		SolutionGuid = {8CE2578A-883C-45E0-970E-5C2A2EFFC873}
	EndGlobalSection
EndGlobal
