
Microsoft Visual Studio Solution File, Format Version 12.00
# Visual Studio Version 16
VisualStudioVersion = 16.0.28803.916
MinimumVisualStudioVersion = 10.0.40219.1
Project("{FAE04EC0-301F-11D3-BF4B-00C04F79EFBC}") = "newWebAPIDemo", "newWebAPIDemo\newWebAPIDemo.csproj", "{BAA4ED63-465E-4561-98E4-B9F1846B9B2E}"
EndProject
Global
	GlobalSection(SolutionConfigurationPlatforms) = preSolution
		Debug|Any CPU = Debug|Any CPU
		Release|Any CPU = Release|Any CPU
	EndGlobalSection
	GlobalSection(ProjectConfigurationPlatforms) = postSolution
		{BAA4ED63-465E-4561-98E4-B9F1846B9B2E}.Debug|Any CPU.ActiveCfg = Debug|Any CPU
		{BAA4ED63-465E-4561-98E4-B9F1846B9B2E}.Debug|Any CPU.Build.0 = Debug|Any CPU
		{BAA4ED63-465E-4561-98E4-B9F1846B9B2E}.Release|Any CPU.ActiveCfg = Release|Any CPU
		{BAA4ED63-465E-4561-98E4-B9F1846B9B2E}.Release|Any CPU.Build.0 = Release|Any CPU
	EndGlobalSection
	GlobalSection(SolutionProperties) = preSolution
		HideSolutionNode = FALSE
	EndGlobalSection
	GlobalSection(ExtensibilityGlobals) = postSolution
		SolutionGuid = {A044174E-3815-4202-9A5B-430A3F5DAA18}
	EndGlobalSection
EndGlobal
