
Microsoft Visual Studio Solution File, Format Version 12.00
# Visual Studio Version 16
VisualStudioVersion = 16.0.28803.916
MinimumVisualStudioVersion = 10.0.40219.1
Project("{FAE04EC0-301F-11D3-BF4B-00C04F79EFBC}") = "ViewBagDemo", "ViewBagDemo\ViewBagDemo.csproj", "{52919C6B-00E4-4ACD-9D2C-AFD6BCF72971}"
EndProject
Global
	GlobalSection(SolutionConfigurationPlatforms) = preSolution
		Debug|Any CPU = Debug|Any CPU
		Release|Any CPU = Release|Any CPU
	EndGlobalSection
	GlobalSection(ProjectConfigurationPlatforms) = postSolution
		{52919C6B-00E4-4ACD-9D2C-AFD6BCF72971}.Debug|Any CPU.ActiveCfg = Debug|Any CPU
		{52919C6B-00E4-4ACD-9D2C-AFD6BCF72971}.Debug|Any CPU.Build.0 = Debug|Any CPU
		{52919C6B-00E4-4ACD-9D2C-AFD6BCF72971}.Release|Any CPU.ActiveCfg = Release|Any CPU
		{52919C6B-00E4-4ACD-9D2C-AFD6BCF72971}.Release|Any CPU.Build.0 = Release|Any CPU
	EndGlobalSection
	GlobalSection(SolutionProperties) = preSolution
		HideSolutionNode = FALSE
	EndGlobalSection
	GlobalSection(ExtensibilityGlobals) = postSolution
		SolutionGuid = {7601E1A3-D8CD-4C14-A29C-EEADF9735D8A}
	EndGlobalSection
EndGlobal
