
Microsoft Visual Studio Solution File, Format Version 12.00
# Visual Studio Version 16
VisualStudioVersion = 16.0.28803.916
MinimumVisualStudioVersion = 10.0.40219.1
Project("{FAE04EC0-301F-11D3-BF4B-00C04F79EFBC}") = "Validation_Message_summary", "Validation_Message_summary\Validation_Message_summary.csproj", "{820EADE5-FF93-4CAE-BD68-1FA93CAE3CD7}"
EndProject
Global
	GlobalSection(SolutionConfigurationPlatforms) = preSolution
		Debug|Any CPU = Debug|Any CPU
		Release|Any CPU = Release|Any CPU
	EndGlobalSection
	GlobalSection(ProjectConfigurationPlatforms) = postSolution
		{820EADE5-FF93-4CAE-BD68-1FA93CAE3CD7}.Debug|Any CPU.ActiveCfg = Debug|Any CPU
		{820EADE5-FF93-4CAE-BD68-1FA93CAE3CD7}.Debug|Any CPU.Build.0 = Debug|Any CPU
		{820EADE5-FF93-4CAE-BD68-1FA93CAE3CD7}.Release|Any CPU.ActiveCfg = Release|Any CPU
		{820EADE5-FF93-4CAE-BD68-1FA93CAE3CD7}.Release|Any CPU.Build.0 = Release|Any CPU
	EndGlobalSection
	GlobalSection(SolutionProperties) = preSolution
		HideSolutionNode = FALSE
	EndGlobalSection
	GlobalSection(ExtensibilityGlobals) = postSolution
		SolutionGuid = {085F66BA-03E3-4687-8704-443FFE478B41}
	EndGlobalSection
EndGlobal
