
Microsoft Visual Studio Solution File, Format Version 12.00
# Visual Studio Version 16
VisualStudioVersion = 16.0.28803.916
MinimumVisualStudioVersion = 10.0.40219.1
Project("{FAE04EC0-301F-11D3-BF4B-00C04F79EFBC}") = "Rezor", "Rezor\Rezor.csproj", "{FAC15E61-5ECF-43F5-BABB-F89863DAA901}"
EndProject
Global
	GlobalSection(SolutionConfigurationPlatforms) = preSolution
		Debug|Any CPU = Debug|Any CPU
		Release|Any CPU = Release|Any CPU
	EndGlobalSection
	GlobalSection(ProjectConfigurationPlatforms) = postSolution
		{FAC15E61-5ECF-43F5-BABB-F89863DAA901}.Debug|Any CPU.ActiveCfg = Debug|Any CPU
		{FAC15E61-5ECF-43F5-BABB-F89863DAA901}.Debug|Any CPU.Build.0 = Debug|Any CPU
		{FAC15E61-5ECF-43F5-BABB-F89863DAA901}.Release|Any CPU.ActiveCfg = Release|Any CPU
		{FAC15E61-5ECF-43F5-BABB-F89863DAA901}.Release|Any CPU.Build.0 = Release|Any CPU
	EndGlobalSection
	GlobalSection(SolutionProperties) = preSolution
		HideSolutionNode = FALSE
	EndGlobalSection
	GlobalSection(ExtensibilityGlobals) = postSolution
		SolutionGuid = {6EAE5DC0-B784-4771-94A7-907E173DE941}
	EndGlobalSection
EndGlobal
