
Microsoft Visual Studio Solution File, Format Version 12.00
# Visual Studio Version 16
VisualStudioVersion = 16.0.28803.916
MinimumVisualStudioVersion = 10.0.40219.1
Project("{FAE04EC0-301F-11D3-BF4B-00C04F79EFBC}") = "AjaxMVCLoadMore", "AjaxMVCLoadMore\AjaxMVCLoadMore.csproj", "{5334CAA4-B73F-4043-BFC6-49C3D33C950E}"
EndProject
Global
	GlobalSection(SolutionConfigurationPlatforms) = preSolution
		Debug|Any CPU = Debug|Any CPU
		Release|Any CPU = Release|Any CPU
	EndGlobalSection
	GlobalSection(ProjectConfigurationPlatforms) = postSolution
		{5334CAA4-B73F-4043-BFC6-49C3D33C950E}.Debug|Any CPU.ActiveCfg = Debug|Any CPU
		{5334CAA4-B73F-4043-BFC6-49C3D33C950E}.Debug|Any CPU.Build.0 = Debug|Any CPU
		{5334CAA4-B73F-4043-BFC6-49C3D33C950E}.Release|Any CPU.ActiveCfg = Release|Any CPU
		{5334CAA4-B73F-4043-BFC6-49C3D33C950E}.Release|Any CPU.Build.0 = Release|Any CPU
	EndGlobalSection
	GlobalSection(SolutionProperties) = preSolution
		HideSolutionNode = FALSE
	EndGlobalSection
	GlobalSection(ExtensibilityGlobals) = postSolution
		SolutionGuid = {09EAFBA1-3F97-4639-A1ED-5B5ABFEAA1C9}
	EndGlobalSection
EndGlobal
