
Microsoft Visual Studio Solution File, Format Version 12.00
# Visual Studio Version 16
VisualStudioVersion = 16.0.28803.916
MinimumVisualStudioVersion = 10.0.40219.1
Project("{FAE04EC0-301F-11D3-BF4B-00C04F79EFBC}") = "jQueryDataTable", "jQueryDataTable\jQueryDataTable.csproj", "{89F0D749-D9B6-4237-A6E3-1041D2FEFD53}"
EndProject
Global
	GlobalSection(SolutionConfigurationPlatforms) = preSolution
		Debug|Any CPU = Debug|Any CPU
		Release|Any CPU = Release|Any CPU
	EndGlobalSection
	GlobalSection(ProjectConfigurationPlatforms) = postSolution
		{89F0D749-D9B6-4237-A6E3-1041D2FEFD53}.Debug|Any CPU.ActiveCfg = Debug|Any CPU
		{89F0D749-D9B6-4237-A6E3-1041D2FEFD53}.Debug|Any CPU.Build.0 = Debug|Any CPU
		{89F0D749-D9B6-4237-A6E3-1041D2FEFD53}.Release|Any CPU.ActiveCfg = Release|Any CPU
		{89F0D749-D9B6-4237-A6E3-1041D2FEFD53}.Release|Any CPU.Build.0 = Release|Any CPU
	EndGlobalSection
	GlobalSection(SolutionProperties) = preSolution
		HideSolutionNode = FALSE
	EndGlobalSection
	GlobalSection(ExtensibilityGlobals) = postSolution
		SolutionGuid = {1B341787-937D-49B8-9218-0F91E995227E}
	EndGlobalSection
EndGlobal
