
Microsoft Visual Studio Solution File, Format Version 12.00
# Visual Studio Version 16
VisualStudioVersion = 16.0.28803.916
MinimumVisualStudioVersion = 10.0.40219.1
Project("{FAE04EC0-301F-11D3-BF4B-00C04F79EFBC}") = "ajaxBeginFormMVC", "ajaxBeginFormMVC\ajaxBeginFormMVC.csproj", "{069C3051-2955-4BCC-8887-D888F187DAD1}"
EndProject
Global
	GlobalSection(SolutionConfigurationPlatforms) = preSolution
		Debug|Any CPU = Debug|Any CPU
		Release|Any CPU = Release|Any CPU
	EndGlobalSection
	GlobalSection(ProjectConfigurationPlatforms) = postSolution
		{069C3051-2955-4BCC-8887-D888F187DAD1}.Debug|Any CPU.ActiveCfg = Debug|Any CPU
		{069C3051-2955-4BCC-8887-D888F187DAD1}.Debug|Any CPU.Build.0 = Debug|Any CPU
		{069C3051-2955-4BCC-8887-D888F187DAD1}.Release|Any CPU.ActiveCfg = Release|Any CPU
		{069C3051-2955-4BCC-8887-D888F187DAD1}.Release|Any CPU.Build.0 = Release|Any CPU
	EndGlobalSection
	GlobalSection(SolutionProperties) = preSolution
		HideSolutionNode = FALSE
	EndGlobalSection
	GlobalSection(ExtensibilityGlobals) = postSolution
		SolutionGuid = {34E6B4BE-11DE-4003-B0CE-D29E656107E7}
	EndGlobalSection
EndGlobal
