
Microsoft Visual Studio Solution File, Format Version 12.00
# Visual Studio Version 16
VisualStudioVersion = 16.0.28803.916
MinimumVisualStudioVersion = 10.0.40219.1
Project("{FAE04EC0-301F-11D3-BF4B-00C04F79EFBC}") = "TempData", "TempData\TempData.csproj", "{B41C53B8-17DF-44DC-9E14-A49572D10F11}"
EndProject
Global
	GlobalSection(SolutionConfigurationPlatforms) = preSolution
		Debug|Any CPU = Debug|Any CPU
		Release|Any CPU = Release|Any CPU
	EndGlobalSection
	GlobalSection(ProjectConfigurationPlatforms) = postSolution
		{B41C53B8-17DF-44DC-9E14-A49572D10F11}.Debug|Any CPU.ActiveCfg = Debug|Any CPU
		{B41C53B8-17DF-44DC-9E14-A49572D10F11}.Debug|Any CPU.Build.0 = Debug|Any CPU
		{B41C53B8-17DF-44DC-9E14-A49572D10F11}.Release|Any CPU.ActiveCfg = Release|Any CPU
		{B41C53B8-17DF-44DC-9E14-A49572D10F11}.Release|Any CPU.Build.0 = Release|Any CPU
	EndGlobalSection
	GlobalSection(SolutionProperties) = preSolution
		HideSolutionNode = FALSE
	EndGlobalSection
	GlobalSection(ExtensibilityGlobals) = postSolution
		SolutionGuid = {B505B67A-DF9E-4C8A-A1D7-B6CB911351E5}
	EndGlobalSection
EndGlobal
